
Microsoft Visual Studio Solution File, Format Version 12.00
# Visual Studio Version 17
VisualStudioVersion = 17.11.35312.102
MinimumVisualStudioVersion = 10.0.40219.1
Project("{FAE04EC0-301F-11D3-BF4B-00C04F79EFBC}") = "Final Project E-Fawatercom System", "Final Project E-Fawatercom System.csproj", "{8EB61956-28B5-4DFE-A4F2-B52E5E9599AD}"
EndProject
Global
	GlobalSection(SolutionConfigurationPlatforms) = preSolution
		Debug|Any CPU = Debug|Any CPU
		Release|Any CPU = Release|Any CPU
	EndGlobalSection
	GlobalSection(ProjectConfigurationPlatforms) = postSolution
		{8EB61956-28B5-4DFE-A4F2-B52E5E9599AD}.Debug|Any CPU.ActiveCfg = Debug|Any CPU
		{8EB61956-28B5-4DFE-A4F2-B52E5E9599AD}.Debug|Any CPU.Build.0 = Debug|Any CPU
		{8EB61956-28B5-4DFE-A4F2-B52E5E9599AD}.Release|Any CPU.ActiveCfg = Release|Any CPU
		{8EB61956-28B5-4DFE-A4F2-B52E5E9599AD}.Release|Any CPU.Build.0 = Release|Any CPU
	EndGlobalSection
	GlobalSection(SolutionProperties) = preSolution
		HideSolutionNode = FALSE
	EndGlobalSection
	GlobalSection(ExtensibilityGlobals) = postSolution
		SolutionGuid = {6FB474E4-AB7D-4544-BFE2-443A970C44C1}
	EndGlobalSection
EndGlobal
